
Microsoft Visual Studio Solution File, Format Version 12.00
# Visual Studio Version 17
VisualStudioVersion = 17.8.34525.116
MinimumVisualStudioVersion = 10.0.40219.1
Project("{FAE04EC0-301F-11D3-BF4B-00C04F79EFBC}") = "Calculator_demo", "Calculator_demo\Calculator_demo.csproj", "{2EA63EC1-6A64-4F8E-809B-FB4EB59C0AF2}"
EndProject
Global
	GlobalSection(SolutionConfigurationPlatforms) = preSolution
		Debug|Any CPU = Debug|Any CPU
		Release|Any CPU = Release|Any CPU
	EndGlobalSection
	GlobalSection(ProjectConfigurationPlatforms) = postSolution
		{2EA63EC1-6A64-4F8E-809B-FB4EB59C0AF2}.Debug|Any CPU.ActiveCfg = Debug|Any CPU
		{2EA63EC1-6A64-4F8E-809B-FB4EB59C0AF2}.Debug|Any CPU.Build.0 = Debug|Any CPU
		{2EA63EC1-6A64-4F8E-809B-FB4EB59C0AF2}.Release|Any CPU.ActiveCfg = Release|Any CPU
		{2EA63EC1-6A64-4F8E-809B-FB4EB59C0AF2}.Release|Any CPU.Build.0 = Release|Any CPU
	EndGlobalSection
	GlobalSection(SolutionProperties) = preSolution
		HideSolutionNode = FALSE
	EndGlobalSection
	GlobalSection(ExtensibilityGlobals) = postSolution
		SolutionGuid = {D5F5D564-7DC8-4798-ADE8-1FEB1A6B8034}
	EndGlobalSection
EndGlobal
